// !$*UTF8*$!
{
	archiveVersion = 1;
	classes = {
	};
	objectVersion = 48;
	objects = {

/* Begin PBXBuildFile section */
		B91FC71F1FDA5B2C00C06C48 /* AppDelegate.swift in Sources */ = {isa = PBXBuildFile; fileRef = B91FC71E1FDA5B2C00C06C48 /* AppDelegate.swift */; };
		B91FC7211FDA5B2C00C06C48 /* ViewController.swift in Sources */ = {isa = PBXBuildFile; fileRef = B91FC7201FDA5B2C00C06C48 /* ViewController.swift */; };
		B91FC7241FDA5B2C00C06C48 /* Main.storyboard in Resources */ = {isa = PBXBuildFile; fileRef = B91FC7221FDA5B2C00C06C48 /* Main.storyboard */; };
		B91FC7261FDA5B2C00C06C48 /* Assets.xcassets in Resources */ = {isa = PBXBuildFile; fileRef = B91FC7251FDA5B2C00C06C48 /* Assets.xcassets */; };
		B91FC7291FDA5B2C00C06C48 /* LaunchScreen.storyboard in Resources */ = {isa = PBXBuildFile; fileRef = B91FC7271FDA5B2C00C06C48 /* LaunchScreen.storyboard */; };
		B91FC7341FDA5B2C00C06C48 /* CameraAppTests.swift in Sources */ = {isa = PBXBuildFile; fileRef = B91FC7331FDA5B2C00C06C48 /* CameraAppTests.swift */; };
		B91FC73F1FDA5B2C00C06C48 /* CameraAppUITests.swift in Sources */ = {isa = PBXBuildFile; fileRef = B91FC73E1FDA5B2C00C06C48 /* CameraAppUITests.swift */; };
/* End PBXBuildFile section */

/* Begin PBXContainerItemProxy section */
		B91FC7301FDA5B2C00C06C48 /* PBXContainerItemProxy */ = {
			isa = PBXContainerItemProxy;
			containerPortal = B91FC7131FDA5B2C00C06C48 /* Project object */;
			proxyType = 1;
			remoteGlobalIDString = B91FC71A1FDA5B2C00C06C48;
			remoteInfo = CameraApp;
		};
		B91FC73B1FDA5B2C00C06C48 /* PBXContainerItemProxy */ = {
			isa = PBXContainerItemProxy;
			containerPortal = B91FC7131FDA5B2C00C06C48 /* Project object */;
			proxyType = 1;
			remoteGlobalIDString = B91FC71A1FDA5B2C00C06C48;
			remoteInfo = CameraApp;
		};
/* End PBXContainerItemProxy section */

/* Begin PBXFileReference section */
		B91FC71B1FDA5B2C00C06C48 /* CameraApp.app */ = {isa = PBXFileReference; explicitFileType = wrapper.application; includeInIndex = 0; path = CameraApp.app; sourceTree = BUILT_PRODUCTS_DIR; };
		B91FC71E1FDA5B2C00C06C48 /* AppDelegate.swift */ = {isa = PBXFileReference; lastKnownFileType = sourcecode.swift; path = AppDelegate.swift; sourceTree = "<group>"; };
		B91FC7201FDA5B2C00C06C48 /* ViewController.swift */ = {isa = PBXFileReference; lastKnownFileType = sourcecode.swift; path = ViewController.swift; sourceTree = "<group>"; };
		B91FC7231FDA5B2C00C06C48 /* Base */ = {isa = PBXFileReference; lastKnownFileType = file.storyboard; name = Base; path = Base.lproj/Main.storyboard; sourceTree = "<group>"; };
		B91FC7251FDA5B2C00C06C48 /* Assets.xcassets */ = {isa = PBXFileReference; lastKnownFileType = folder.assetcatalog; path = Assets.xcassets; sourceTree = "<group>"; };
		B91FC7281FDA5B2C00C06C48 /* Base */ = {isa = PBXFileReference; lastKnownFileType = file.storyboard; name = Base; path = Base.lproj/LaunchScreen.storyboard; sourceTree = "<group>"; };
		B91FC72A1FDA5B2C00C06C48 /* Info.plist */ = {isa = PBXFileReference; lastKnownFileType = text.plist.xml; path = Info.plist; sourceTree = "<group>"; };
		B91FC72F1FDA5B2C00C06C48 /* CameraAppTests.xctest */ = {isa = PBXFileReference; explicitFileType = wrapper.cfbundle; includeInIndex = 0; path = CameraAppTests.xctest; sourceTree = BUILT_PRODUCTS_DIR; };
		B91FC7331FDA5B2C00C06C48 /* CameraAppTests.swift */ = {isa = PBXFileReference; lastKnownFileType = sourcecode.swift; path = CameraAppTests.swift; sourceTree = "<group>"; };
		B91FC7351FDA5B2C00C06C48 /* Info.plist */ = {isa = PBXFileReference; lastKnownFileType = text.plist.xml; path = Info.plist; sourceTree = "<group>"; };
		B91FC73A1FDA5B2C00C06C48 /* CameraAppUITests.xctest */ = {isa = PBXFileReference; explicitFileType = wrapper.cfbundle; includeInIndex = 0; path = CameraAppUITests.xctest; sourceTree = BUILT_PRODUCTS_DIR; };
		B91FC73E1FDA5B2C00C06C48 /* CameraAppUITests.swift */ = {isa = PBXFileReference; lastKnownFileType = sourcecode.swift; path = CameraAppUITests.swift; sourceTree = "<group>"; };
		B91FC7401FDA5B2C00C06C48 /* Info.plist */ = {isa = PBXFileReference; lastKnownFileType = text.plist.xml; path = Info.plist; sourceTree = "<group>"; };
/* End PBXFileReference section */

/* Begin PBXFrameworksBuildPhase section */
		B91FC7181FDA5B2C00C06C48 /* Frameworks */ = {
			isa = PBXFrameworksBuildPhase;
			buildActionMask = 2147483647;
			files = (
			);
			runOnlyForDeploymentPostprocessing = 0;
		};
		B91FC72C1FDA5B2C00C06C48 /* Frameworks */ = {
			isa = PBXFrameworksBuildPhase;
			buildActionMask = 2147483647;
			files = (
			);
			runOnlyForDeploymentPostprocessing = 0;
		};
		B91FC7371FDA5B2C00C06C48 /* Frameworks */ = {
			isa = PBXFrameworksBuildPhase;
			buildActionMask = 2147483647;
			files = (
			);
			runOnlyForDeploymentPostprocessing = 0;
		};
/* End PBXFrameworksBuildPhase section */

/* Begin PBXGroup section */
		B91FC7121FDA5B2C00C06C48 = {
			isa = PBXGroup;
			children = (
				B91FC71D1FDA5B2C00C06C48 /* CameraApp */,
				B91FC7321FDA5B2C00C06C48 /* CameraAppTests */,
				B91FC73D1FDA5B2C00C06C48 /* CameraAppUITests */,
				B91FC71C1FDA5B2C00C06C48 /* Products */,
			);
			sourceTree = "<group>";
		};
		B91FC71C1FDA5B2C00C06C48 /* Products */ = {
			isa = PBXGroup;
			children = (
				B91FC71B1FDA5B2C00C06C48 /* CameraApp.app */,
				B91FC72F1FDA5B2C00C06C48 /* CameraAppTests.xctest */,
				B91FC73A1FDA5B2C00C06C48 /* CameraAppUITests.xctest */,
			);
			name = Products;
			sourceTree = "<group>";
		};
		B91FC71D1FDA5B2C00C06C48 /* CameraApp */ = {
			isa = PBXGroup;
			children = (
				B91FC71E1FDA5B2C00C06C48 /* AppDelegate.swift */,
				B91FC7201FDA5B2C00C06C48 /* ViewController.swift */,
				B91FC7221FDA5B2C00C06C48 /* Main.storyboard */,
				B91FC7251FDA5B2C00C06C48 /* Assets.xcassets */,
				B91FC7271FDA5B2C00C06C48 /* LaunchScreen.storyboard */,
				B91FC72A1FDA5B2C00C06C48 /* Info.plist */,
			);
			path = CameraApp;
			sourceTree = "<group>";
		};
		B91FC7321FDA5B2C00C06C48 /* CameraAppTests */ = {
			isa = PBXGroup;
			children = (
				B91FC7331FDA5B2C00C06C48 /* CameraAppTests.swift */,
				B91FC7351FDA5B2C00C06C48 /* Info.plist */,
			);
			path = CameraAppTests;
			sourceTree = "<group>";
		};
		B91FC73D1FDA5B2C00C06C48 /* CameraAppUITests */ = {
			isa = PBXGroup;
			children = (
				B91FC73E1FDA5B2C00C06C48 /* CameraAppUITests.swift */,
				B91FC7401FDA5B2C00C06C48 /* Info.plist */,
			);
			path = CameraAppUITests;
			sourceTree = "<group>";
		};
/* End PBXGroup section */

/* Begin PBXNativeTarget section */
		B91FC71A1FDA5B2C00C06C48 /* CameraApp */ = {
			isa = PBXNativeTarget;
			buildConfigurationList = B91FC7431FDA5B2C00C06C48 /* Build configuration list for PBXNativeTarget "CameraApp" */;
			buildPhases = (
				B91FC7171FDA5B2C00C06C48 /* Sources */,
				B91FC7181FDA5B2C00C06C48 /* Frameworks */,
				B91FC7191FDA5B2C00C06C48 /* Resources */,
			);
			buildRules = (
			);
			dependencies = (
			);
			name = CameraApp;
			productName = CameraApp;
			productReference = B91FC71B1FDA5B2C00C06C48 /* CameraApp.app */;
			productType = "com.apple.product-type.application";
		};
		B91FC72E1FDA5B2C00C06C48 /* CameraAppTests */ = {
			isa = PBXNativeTarget;
			buildConfigurationList = B91FC7461FDA5B2C00C06C48 /* Build configuration list for PBXNativeTarget "CameraAppTests" */;
			buildPhases = (
				B91FC72B1FDA5B2C00C06C48 /* Sources */,
				B91FC72C1FDA5B2C00C06C48 /* Frameworks */,
				B91FC72D1FDA5B2C00C06C48 /* Resources */,
			);
			buildRules = (
			);
			dependencies = (
				B91FC7311FDA5B2C00C06C48 /* PBXTargetDependency */,
			);
			name = CameraAppTests;
			productName = CameraAppTests;
			productReference = B91FC72F1FDA5B2C00C06C48 /* CameraAppTests.xctest */;
			productType = "com.apple.product-type.bundle.unit-test";
		};
		B91FC7391FDA5B2C00C06C48 /* CameraAppUITests */ = {
			isa = PBXNativeTarget;
			buildConfigurationList = B91FC7491FDA5B2C00C06C48 /* Build configuration list for PBXNativeTarget "CameraAppUITests" */;
			buildPhases = (
				B91FC7361FDA5B2C00C06C48 /* Sources */,
				B91FC7371FDA5B2C00C06C48 /* Frameworks */,
				B91FC7381FDA5B2C00C06C48 /* Resources */,
			);
			buildRules = (
			);
			dependencies = (
				B91FC73C1FDA5B2C00C06C48 /* PBXTargetDependency */,
			);
			name = CameraAppUITests;
			productName = CameraAppUITests;
			productReference = B91FC73A1FDA5B2C00C06C48 /* CameraAppUITests.xctest */;
			productType = "com.apple.product-type.bundle.ui-testing";
		};
/* End PBXNativeTarget section */

/* Begin PBXProject section */
		B91FC7131FDA5B2C00C06C48 /* Project object */ = {
			isa = PBXProject;
			attributes = {
				LastSwiftUpdateCheck = 0920;
				LastUpgradeCheck = 0920;
				ORGANIZATIONNAME = "Yudhvir Raj";
				TargetAttributes = {
					B91FC71A1FDA5B2C00C06C48 = {
						CreatedOnToolsVersion = 9.2;
						ProvisioningStyle = Automatic;
					};
					B91FC72E1FDA5B2C00C06C48 = {
						CreatedOnToolsVersion = 9.2;
						ProvisioningStyle = Automatic;
						TestTargetID = B91FC71A1FDA5B2C00C06C48;
					};
					B91FC7391FDA5B2C00C06C48 = {
						CreatedOnToolsVersion = 9.2;
						ProvisioningStyle = Automatic;
						TestTargetID = B91FC71A1FDA5B2C00C06C48;
					};
				};
			};
			buildConfigurationList = B91FC7161FDA5B2C00C06C48 /* Build configuration list for PBXProject "CameraApp" */;
			compatibilityVersion = "Xcode 8.0";
			developmentRegion = en;
			hasScannedForEncodings = 0;
			knownRegions = (
				en,
				Base,
			);
			mainGroup = B91FC7121FDA5B2C00C06C48;
			productRefGroup = B91FC71C1FDA5B2C00C06C48 /* Products */;
			projectDirPath = "";
			projectRoot = "";
			targets = (
				B91FC71A1FDA5B2C00C06C48 /* CameraApp */,
				B91FC72E1FDA5B2C00C06C48 /* CameraAppTests */,
				B91FC7391FDA5B2C00C06C48 /* CameraAppUITests */,
			);
		};
/* End PBXProject section */

/* Begin PBXResourcesBuildPhase section */
		B91FC7191FDA5B2C00C06C48 /* Resources */ = {
			isa = PBXResourcesBuildPhase;
			buildActionMask = 2147483647;
			files = (
				B91FC7291FDA5B2C00C06C48 /* LaunchScreen.storyboard in Resources */,
				B91FC7261FDA5B2C00C06C48 /* Assets.xcassets in Resources */,
				B91FC7241FDA5B2C00C06C48 /* Main.storyboard in Resources */,
			);
			runOnlyForDeploymentPostprocessing = 0;
		};
		B91FC72D1FDA5B2C00C06C48 /* Resources */ = {
			isa = PBXResourcesBuildPhase;
			buildActionMask = 2147483647;
			files = (
			);
			runOnlyForDeploymentPostprocessing = 0;
		};
		B91FC7381FDA5B2C00C06C48 /* Resources */ = {
			isa = PBXResourcesBuildPhase;
			buildActionMask = 2147483647;
			files = (
			);
			runOnlyForDeploymentPostprocessing = 0;
		};
/* End PBXResourcesBuildPhase section */

/* Begin PBXSourcesBuildPhase section */
		B91FC7171FDA5B2C00C06C48 /* Sources */ = {
			isa = PBXSourcesBuildPhase;
			buildActionMask = 2147483647;
			files = (
				B91FC7211FDA5B2C00C06C48 /* ViewController.swift in Sources */,
				B91FC71F1FDA5B2C00C06C48 /* AppDelegate.swift in Sources */,
			);
			runOnlyForDeploymentPostprocessing = 0;
		};
		B91FC72B1FDA5B2C00C06C48 /* Sources */ = {
			isa = PBXSourcesBuildPhase;
			buildActionMask = 2147483647;
			files = (
				B91FC7341FDA5B2C00C06C48 /* CameraAppTests.swift in Sources */,
			);
			runOnlyForDeploymentPostprocessing = 0;
		};
		B91FC7361FDA5B2C00C06C48 /* Sources */ = {
			isa = PBXSourcesBuildPhase;
			buildActionMask = 2147483647;
			files = (
				B91FC73F1FDA5B2C00C06C48 /* CameraAppUITests.swift in Sources */,
			);
			runOnlyForDeploymentPostprocessing = 0;
		};
/* End PBXSourcesBuildPhase section */

/* Begin PBXTargetDependency section */
		B91FC7311FDA5B2C00C06C48 /* PBXTargetDependency */ = {
			isa = PBXTargetDependency;
			target = B91FC71A1FDA5B2C00C06C48 /* CameraApp */;
			targetProxy = B91FC7301FDA5B2C00C06C48 /* PBXContainerItemProxy */;
		};
		B91FC73C1FDA5B2C00C06C48 /* PBXTargetDependency */ = {
			isa = PBXTargetDependency;
			target = B91FC71A1FDA5B2C00C06C48 /* CameraApp */;
			targetProxy = B91FC73B1FDA5B2C00C06C48 /* PBXContainerItemProxy */;
		};
/* End PBXTargetDependency section */

/* Begin PBXVariantGroup section */
		B91FC7221FDA5B2C00C06C48 /* Main.storyboard */ = {
			isa = PBXVariantGroup;
			children = (
				B91FC7231FDA5B2C00C06C48 /* Base */,
			);
			name = Main.storyboard;
			sourceTree = "<group>";
		};
		B91FC7271FDA5B2C00C06C48 /* LaunchScreen.storyboard */ = {
			isa = PBXVariantGroup;
			children = (
				B91FC7281FDA5B2C00C06C48 /* Base */,
			);
			name = LaunchScreen.storyboard;
			sourceTree = "<group>";
		};
/* End PBXVariantGroup section */

/* Begin XCBuildConfiguration section */
		B91FC7411FDA5B2C00C06C48 /* Debug */ = {
			isa = XCBuildConfiguration;
			buildSettings = {
				ALWAYS_SEARCH_USER_PATHS = NO;
				CLANG_ANALYZER_NONNULL = YES;
				CLANG_ANALYZER_NUMBER_OBJECT_CONVERSION = YES_AGGRESSIVE;
				CLANG_CXX_LANGUAGE_STANDARD = "gnu++14";
				CLANG_CXX_LIBRARY = "libc++";
				CLANG_ENABLE_MODULES = YES;
				CLANG_ENABLE_OBJC_ARC = YES;
				CLANG_WARN_BLOCK_CAPTURE_AUTORELEASING = YES;
				CLANG_WARN_BOOL_CONVERSION = YES;
				CLANG_WARN_COMMA = YES;
				CLANG_WARN_CONSTANT_CONVERSION = YES;
				CLANG_WARN_DIRECT_OBJC_ISA_USAGE = YES_ERROR;
				CLANG_WARN_DOCUMENTATION_COMMENTS = YES;
				CLANG_WARN_EMPTY_BODY = YES;
				CLANG_WARN_ENUM_CONVERSION = YES;
				CLANG_WARN_INFINITE_RECURSION = YES;
				CLANG_WARN_INT_CONVERSION = YES;
				CLANG_WARN_NON_LITERAL_NULL_CONVERSION = YES;
				CLANG_WARN_OBJC_LITERAL_CONVERSION = YES;
				CLANG_WARN_OBJC_ROOT_CLASS = YES_ERROR;
				CLANG_WARN_RANGE_LOOP_ANALYSIS = YES;
				CLANG_WARN_STRICT_PROTOTYPES = YES;
				CLANG_WARN_SUSPICIOUS_MOVE = YES;
				CLANG_WARN_UNGUARDED_AVAILABILITY = YES_AGGRESSIVE;
				CLANG_WARN_UNREACHABLE_CODE = YES;
				CLANG_WARN__DUPLICATE_METHOD_MATCH = YES;
				CODE_SIGN_IDENTITY = "iPhone Developer";
				COPY_PHASE_STRIP = NO;
				DEBUG_INFORMATION_FORMAT = dwarf;
				ENABLE_STRICT_OBJC_MSGSEND = YES;
				ENABLE_TESTABILITY = YES;
				GCC_C_LANGUAGE_STANDARD = gnu11;
				GCC_DYNAMIC_NO_PIC = NO;
				GCC_NO_COMMON_BLOCKS = YES;
				GCC_OPTIMIZATION_LEVEL = 0;
				GCC_PREPROCESSOR_DEFINITIONS = (
					"DEBUG=1",
					"$(inherited)",
				);
				GCC_WARN_64_TO_32_BIT_CONVERSION = YES;
				GCC_WARN_ABOUT_RETURN_TYPE = YES_ERROR;
				GCC_WARN_UNDECLARED_SELECTOR = YES;
				GCC_WARN_UNINITIALIZED_AUTOS = YES_AGGRESSIVE;
				GCC_WARN_UNUSED_FUNCTION = YES;
				GCC_WARN_UNUSED_VARIABLE = YES;
				IPHONEOS_DEPLOYMENT_TARGET = 11.2;
				MTL_ENABLE_DEBUG_INFO = YES;
				ONLY_ACTIVE_ARCH = YES;
				SDKROOT = iphoneos;
				SWIFT_ACTIVE_COMPILATION_CONDITIONS = DEBUG;
				SWIFT_OPTIMIZATION_LEVEL = "-Onone";
			};
			name = Debug;
		};
		B91FC7421FDA5B2C00C06C48 /* Release */ = {
			isa = XCBuildConfiguration;
			buildSettings = {
				ALWAYS_SEARCH_USER_PATHS = NO;
				CLANG_ANALYZER_NONNULL = YES;
				CLANG_ANALYZER_NUMBER_OBJECT_CONVERSION = YES_AGGRESSIVE;
				CLANG_CXX_LANGUAGE_STANDARD = "gnu++14";
				CLANG_CXX_LIBRARY = "libc++";
				CLANG_ENABLE_MODULES = YES;
				CLANG_ENABLE_OBJC_ARC = YES;
				CLANG_WARN_BLOCK_CAPTURE_AUTORELEASING = YES;
				CLANG_WARN_BOOL_CONVERSION = YES;
				CLANG_WARN_COMMA = YES;
				CLANG_WARN_CONSTANT_CONVERSION = YES;
				CLANG_WARN_DIRECT_OBJC_ISA_USAGE = YES_ERROR;
				CLANG_WARN_DOCUMENTATION_COMMENTS = YES;
				CLANG_WARN_EMPTY_BODY = YES;
				CLANG_WARN_ENUM_CONVERSION = YES;
				CLANG_WARN_INFINITE_RECURSION = YES;
				CLANG_WARN_INT_CONVERSION = YES;
				CLANG_WARN_NON_LITERAL_NULL_CONVERSION = YES;
				CLANG_WARN_OBJC_LITERAL_CONVERSION = YES;
				CLANG_WARN_OBJC_ROOT_CLASS = YES_ERROR;
				CLANG_WARN_RANGE_LOOP_ANALYSIS = YES;
				CLANG_WARN_STRICT_PROTOTYPES = YES;
				CLANG_WARN_SUSPICIOUS_MOVE = YES;
				CLANG_WARN_UNGUARDED_AVAILABILITY = YES_AGGRESSIVE;
				CLANG_WARN_UNREACHABLE_CODE = YES;
				CLANG_WARN__DUPLICATE_METHOD_MATCH = YES;
				CODE_SIGN_IDENTITY = "iPhone Developer";
				COPY_PHASE_STRIP = NO;
				DEBUG_INFORMATION_FORMAT = "dwarf-with-dsym";
				ENABLE_NS_ASSERTIONS = NO;
				ENABLE_STRICT_OBJC_MSGSEND = YES;
				GCC_C_LANGUAGE_STANDARD = gnu11;
				GCC_NO_COMMON_BLOCKS = YES;
				GCC_WARN_64_TO_32_BIT_CONVERSION = YES;
				GCC_WARN_ABOUT_RETURN_TYPE = YES_ERROR;
				GCC_WARN_UNDECLARED_SELECTOR = YES;
				GCC_WARN_UNINITIALIZED_AUTOS = YES_AGGRESSIVE;
				GCC_WARN_UNUSED_FUNCTION = YES;
				GCC_WARN_UNUSED_VARIABLE = YES;
				IPHONEOS_DEPLOYMENT_TARGET = 11.2;
				MTL_ENABLE_DEBUG_INFO = NO;
				SDKROOT = iphoneos;
				SWIFT_OPTIMIZATION_LEVEL = "-Owholemodule";
				VALIDATE_PRODUCT = YES;
			};
			name = Release;
		};
		B91FC7441FDA5B2C00C06C48 /* Debug */ = {
			isa = XCBuildConfiguration;
			buildSettings = {
				ASSETCATALOG_COMPILER_APPICON_NAME = AppIcon;
				CODE_SIGN_STYLE = Automatic;
				DEVELOPMENT_TEAM = N6RP3H788Z;
				INFOPLIST_FILE = CameraApp/Info.plist;
				IPHONEOS_DEPLOYMENT_TARGET = 10.0;
				LD_RUNPATH_SEARCH_PATHS = "$(inherited) @executable_path/Frameworks";
				PRODUCT_BUNDLE_IDENTIFIER = UnderratedDev.CameraApp;
				PRODUCT_NAME = "$(TARGET_NAME)";
				SWIFT_VERSION = 4.0;
				TARGETED_DEVICE_FAMILY = "1,2";
			};
			name = Debug;
		};
		B91FC7451FDA5B2C00C06C48 /* Release */ = {
			isa = XCBuildConfiguration;
			buildSettings = {
				ASSETCATALOG_COMPILER_APPICON_NAME = AppIcon;
				CODE_SIGN_STYLE = Automatic;
				DEVELOPMENT_TEAM = N6RP3H788Z;
				INFOPLIST_FILE = CameraApp/Info.plist;
				IPHONEOS_DEPLOYMENT_TARGET = 10.0;
				LD_RUNPATH_SEARCH_PATHS = "$(inherited) @executable_path/Frameworks";
				PRODUCT_BUNDLE_IDENTIFIER = UnderratedDev.CameraApp;
				PRODUCT_NAME = "$(TARGET_NAME)";
				SWIFT_VERSION = 4.0;
				TARGETED_DEVICE_FAMILY = "1,2";
			};
			name = Release;
		};
		B91FC7471FDA5B2C00C06C48 /* Debug */ = {
			isa = XCBuildConfiguration;
			buildSettings = {
				ALWAYS_EMBED_SWIFT_STANDARD_LIBRARIES = YES;
				BUNDLE_LOADER = "$(TEST_HOST)";
				CODE_SIGN_STYLE = Automatic;
				DEVELOPMENT_TEAM = N6RP3H788Z;
				INFOPLIST_FILE = CameraAppTests/Info.plist;
				LD_RUNPATH_SEARCH_PATHS = "$(inherited) @executable_path/Frameworks @loader_path/Frameworks";
				PRODUCT_BUNDLE_IDENTIFIER = UnderratedDev.CameraAppTests;
				PRODUCT_NAME = "$(TARGET_NAME)";
				SWIFT_VERSION = 4.0;
				TARGETED_DEVICE_FAMILY = "1,2";
				TEST_HOST = "$(BUILT_PRODUCTS_DIR)/CameraApp.app/CameraApp";
			};
			name = Debug;
		};
		B91FC7481FDA5B2C00C06C48 /* Release */ = {
			isa = XCBuildConfiguration;
			buildSettings = {
				ALWAYS_EMBED_SWIFT_STANDARD_LIBRARIES = YES;
				BUNDLE_LOADER = "$(TEST_HOST)";
				CODE_SIGN_STYLE = Automatic;
				DEVELOPMENT_TEAM = N6RP3H788Z;
				INFOPLIST_FILE = CameraAppTests/Info.plist;
				LD_RUNPATH_SEARCH_PATHS = "$(inherited) @executable_path/Frameworks @loader_path/Frameworks";
				PRODUCT_BUNDLE_IDENTIFIER = UnderratedDev.CameraAppTests;
				PRODUCT_NAME = "$(TARGET_NAME)";
				SWIFT_VERSION = 4.0;
				TARGETED_DEVICE_FAMILY = "1,2";
				TEST_HOST = "$(BUILT_PRODUCTS_DIR)/CameraApp.app/CameraApp";
			};
			name = Release;
		};
		B91FC74A1FDA5B2C00C06C48 /* Debug */ = {
			isa = XCBuildConfiguration;
			buildSettings = {
				ALWAYS_EMBED_SWIFT_STANDARD_LIBRARIES = YES;
				CODE_SIGN_STYLE = Automatic;
				DEVELOPMENT_TEAM = N6RP3H788Z;
				INFOPLIST_FILE = CameraAppUITests/Info.plist;
				LD_RUNPATH_SEARCH_PATHS = "$(inherited) @executable_path/Frameworks @loader_path/Frameworks";
				PRODUCT_BUNDLE_IDENTIFIER = UnderratedDev.CameraAppUITests;
				PRODUCT_NAME = "$(TARGET_NAME)";
				SWIFT_VERSION = 4.0;
				TARGETED_DEVICE_FAMILY = "1,2";
				TEST_TARGET_NAME = CameraApp;
			};
			name = Debug;
		};
		B91FC74B1FDA5B2C00C06C48 /* Release */ = {
			isa = XCBuildConfiguration;
			buildSettings = {
				ALWAYS_EMBED_SWIFT_STANDARD_LIBRARIES = YES;
				CODE_SIGN_STYLE = Automatic;
				DEVELOPMENT_TEAM = N6RP3H788Z;
				INFOPLIST_FILE = CameraAppUITests/Info.plist;
				LD_RUNPATH_SEARCH_PATHS = "$(inherited) @executable_path/Frameworks @loader_path/Frameworks";
				PRODUCT_BUNDLE_IDENTIFIER = UnderratedDev.CameraAppUITests;
				PRODUCT_NAME = "$(TARGET_NAME)";
				SWIFT_VERSION = 4.0;
				TARGETED_DEVICE_FAMILY = "1,2";
				TEST_TARGET_NAME = CameraApp;
			};
			name = Release;
		};
/* End XCBuildConfiguration section */

/* Begin XCConfigurationList section */
		B91FC7161FDA5B2C00C06C48 /* Build configuration list for PBXProject "CameraApp" */ = {
			isa = XCConfigurationList;
			buildConfigurations = (
				B91FC7411FDA5B2C00C06C48 /* Debug */,
				B91FC7421FDA5B2C00C06C48 /* Release */,
			);
			defaultConfigurationIsVisible = 0;
			defaultConfigurationName = Release;
		};
		B91FC7431FDA5B2C00C06C48 /* Build configuration list for PBXNativeTarget "CameraApp" */ = {
			isa = XCConfigurationList;
			buildConfigurations = (
				B91FC7441FDA5B2C00C06C48 /* Debug */,
				B91FC7451FDA5B2C00C06C48 /* Release */,
			);
			defaultConfigurationIsVisible = 0;
			defaultConfigurationName = Release;
		};
		B91FC7461FDA5B2C00C06C48 /* Build configuration list for PBXNativeTarget "CameraAppTests" */ = {
			isa = XCConfigurationList;
			buildConfigurations = (
				B91FC7471FDA5B2C00C06C48 /* Debug */,
				B91FC7481FDA5B2C00C06C48 /* Release */,
			);
			defaultConfigurationIsVisible = 0;
			defaultConfigurationName = Release;
		};
		B91FC7491FDA5B2C00C06C48 /* Build configuration list for PBXNativeTarget "CameraAppUITests" */ = {
			isa = XCConfigurationList;
			buildConfigurations = (
				B91FC74A1FDA5B2C00C06C48 /* Debug */,
				B91FC74B1FDA5B2C00C06C48 /* Release */,
			);
			defaultConfigurationIsVisible = 0;
			defaultConfigurationName = Release;
		};
/* End XCConfigurationList section */
	};
	rootObject = B91FC7131FDA5B2C00C06C48 /* Project object */;
}
